
Microsoft Visual Studio Solution File, Format Version 12.00
# Visual Studio Version 17
VisualStudioVersion = 17.0.32126.317
MinimumVisualStudioVersion = 10.0.40219.1
Project("{FAE04EC0-301F-11D3-BF4B-00C04F79EFBC}") = "CalculateCheckSum", "CalculateCheckSum\CalculateCheckSum.csproj", "{261DCC8D-2592-4D58-96FB-49CF6CC7AE30}"
EndProject
Global
	GlobalSection(SolutionConfigurationPlatforms) = preSolution
		Debug|Any CPU = Debug|Any CPU
		Release|Any CPU = Release|Any CPU
	EndGlobalSection
	GlobalSection(ProjectConfigurationPlatforms) = postSolution
		{261DCC8D-2592-4D58-96FB-49CF6CC7AE30}.Debug|Any CPU.ActiveCfg = Debug|Any CPU
		{261DCC8D-2592-4D58-96FB-49CF6CC7AE30}.Debug|Any CPU.Build.0 = Debug|Any CPU
		{261DCC8D-2592-4D58-96FB-49CF6CC7AE30}.Release|Any CPU.ActiveCfg = Release|Any CPU
		{261DCC8D-2592-4D58-96FB-49CF6CC7AE30}.Release|Any CPU.Build.0 = Release|Any CPU
	EndGlobalSection
	GlobalSection(SolutionProperties) = preSolution
		HideSolutionNode = FALSE
	EndGlobalSection
	GlobalSection(ExtensibilityGlobals) = postSolution
		SolutionGuid = {174F13D4-098F-42AF-A62D-A261F127DE4F}
	EndGlobalSection
EndGlobal
